
Microsoft Visual Studio Solution File, Format Version 12.00
# Visual Studio Version 16
VisualStudioVersion = 16.0.32106.194
MinimumVisualStudioVersion = 10.0.40219.1
Project("{FAE04EC0-301F-11D3-BF4B-00C04F79EFBC}") = "BlazorMovies.Server", "Server\BlazorMovies.Server.csproj", "{AA52D4F0-3580-42D8-8243-DC3744D65202}"
EndProject
Project("{FAE04EC0-301F-11D3-BF4B-00C04F79EFBC}") = "BlazorMovies.Client", "Client\BlazorMovies.Client.csproj", "{758AF83D-9BCE-4793-8FE0-ACE9D5FC6E2C}"
EndProject
Project("{FAE04EC0-301F-11D3-BF4B-00C04F79EFBC}") = "BlazorMovies.Shared", "Shared\BlazorMovies.Shared.csproj", "{F0DF1EA7-28E4-498A-876A-02FD44D65DAF}"
EndProject
Global
	GlobalSection(SolutionConfigurationPlatforms) = preSolution
		Debug|Any CPU = Debug|Any CPU
		Release|Any CPU = Release|Any CPU
	EndGlobalSection
	GlobalSection(ProjectConfigurationPlatforms) = postSolution
		{AA52D4F0-3580-42D8-8243-DC3744D65202}.Debug|Any CPU.ActiveCfg = Debug|Any CPU
		{AA52D4F0-3580-42D8-8243-DC3744D65202}.Debug|Any CPU.Build.0 = Debug|Any CPU
		{AA52D4F0-3580-42D8-8243-DC3744D65202}.Release|Any CPU.ActiveCfg = Release|Any CPU
		{AA52D4F0-3580-42D8-8243-DC3744D65202}.Release|Any CPU.Build.0 = Release|Any CPU
		{758AF83D-9BCE-4793-8FE0-ACE9D5FC6E2C}.Debug|Any CPU.ActiveCfg = Debug|Any CPU
		{758AF83D-9BCE-4793-8FE0-ACE9D5FC6E2C}.Debug|Any CPU.Build.0 = Debug|Any CPU
		{758AF83D-9BCE-4793-8FE0-ACE9D5FC6E2C}.Release|Any CPU.ActiveCfg = Release|Any CPU
		{758AF83D-9BCE-4793-8FE0-ACE9D5FC6E2C}.Release|Any CPU.Build.0 = Release|Any CPU
		{F0DF1EA7-28E4-498A-876A-02FD44D65DAF}.Debug|Any CPU.ActiveCfg = Debug|Any CPU
		{F0DF1EA7-28E4-498A-876A-02FD44D65DAF}.Debug|Any CPU.Build.0 = Debug|Any CPU
		{F0DF1EA7-28E4-498A-876A-02FD44D65DAF}.Release|Any CPU.ActiveCfg = Release|Any CPU
		{F0DF1EA7-28E4-498A-876A-02FD44D65DAF}.Release|Any CPU.Build.0 = Release|Any CPU
	EndGlobalSection
	GlobalSection(SolutionProperties) = preSolution
		HideSolutionNode = FALSE
	EndGlobalSection
	GlobalSection(ExtensibilityGlobals) = postSolution
		SolutionGuid = {FF92D35F-E993-4BD8-8163-12314D88CA96}
	EndGlobalSection
EndGlobal
